
Microsoft Visual Studio Solution File, Format Version 12.00
# Visual Studio Version 17
VisualStudioVersion = 17.14.36705.20 d17.14
MinimumVisualStudioVersion = 10.0.40219.1
Project("{FAE04EC0-301F-11D3-BF4B-00C04F79EFBC}") = "SerbianWordOfTheDay", "SerbianWordOfTheDay\SerbianWordOfTheDay.csproj", "{901F5E8B-049F-40A6-BE25-4B66F2C1D232}"
EndProject
Global
	GlobalSection(SolutionConfigurationPlatforms) = preSolution
		Debug|Any CPU = Debug|Any CPU
		Release|Any CPU = Release|Any CPU
	EndGlobalSection
	GlobalSection(ProjectConfigurationPlatforms) = postSolution
		{901F5E8B-049F-40A6-BE25-4B66F2C1D232}.Debug|Any CPU.ActiveCfg = Debug|Any CPU
		{901F5E8B-049F-40A6-BE25-4B66F2C1D232}.Debug|Any CPU.Build.0 = Debug|Any CPU
		{901F5E8B-049F-40A6-BE25-4B66F2C1D232}.Release|Any CPU.ActiveCfg = Release|Any CPU
		{901F5E8B-049F-40A6-BE25-4B66F2C1D232}.Release|Any CPU.Build.0 = Release|Any CPU
	EndGlobalSection
	GlobalSection(SolutionProperties) = preSolution
		HideSolutionNode = FALSE
	EndGlobalSection
	GlobalSection(ExtensibilityGlobals) = postSolution
		SolutionGuid = {67300624-81AA-4491-8786-E5095D24212F}
	EndGlobalSection
EndGlobal
